
Microsoft Visual Studio Solution File, Format Version 12.00
# Visual Studio 15
VisualStudioVersion = 15.0.27428.2015
MinimumVisualStudioVersion = 10.0.40219.1
Project("{2150E333-8FDC-42A3-9474-1A3956D46DE8}") = "0 -Apresentacao", "0 -Apresentacao", "{1347EBB9-5F5A-4CFB-B621-29237A8EB1AA}"
EndProject
Project("{2150E333-8FDC-42A3-9474-1A3956D46DE8}") = "1 - Aplicacao", "1 - Aplicacao", "{836E13BE-037D-419A-B409-148F7568A3E4}"
EndProject
Project("{2150E333-8FDC-42A3-9474-1A3956D46DE8}") = "2 - Domain", "2 - Domain", "{D970D531-344D-45D1-97B4-FFF99D106C36}"
EndProject
Project("{2150E333-8FDC-42A3-9474-1A3956D46DE8}") = "3 - Infra", "3 - Infra", "{CF872DA3-102F-45C7-9171-9ED6E600F406}"
EndProject
Project("{9A19103F-16F7-4668-BE54-9A1E7A4F7556}") = "Domain", "Domain\Domain.csproj", "{FB2A8B3E-8782-4A7D-A944-DFAFB064E794}"
EndProject
Project("{2150E333-8FDC-42A3-9474-1A3956D46DE8}") = "Data", "Data", "{FD55C9FD-3D74-4C57-8639-71F2B763735A}"
EndProject
Project("{9A19103F-16F7-4668-BE54-9A1E7A4F7556}") = "Infra.Data", "Infra.Data\Infra.Data.csproj", "{95EFD6AE-E230-4A90-9284-D8C7072AD636}"
EndProject
Project("{9A19103F-16F7-4668-BE54-9A1E7A4F7556}") = "Shared", "Shared\Shared.csproj", "{FF5B1613-EECF-4964-B94F-6F7FD787AED2}"
EndProject
Project("{9A19103F-16F7-4668-BE54-9A1E7A4F7556}") = "Aplication", "Aplication\Aplication.csproj", "{0CA2776D-0ABE-4279-B5FC-417D824A3A80}"
EndProject
Project("{2150E333-8FDC-42A3-9474-1A3956D46DE8}") = "CrossCutting", "CrossCutting", "{CC28D7D7-B4CA-4ECB-9ED1-3C2E1D92231D}"
EndProject
Project("{9A19103F-16F7-4668-BE54-9A1E7A4F7556}") = "CrossCutting.IoC", "CrossCutting.IoC\CrossCutting.IoC.csproj", "{AEC44281-1574-4C0E-BBE5-3CE2D60F840F}"
EndProject
Project("{9A19103F-16F7-4668-BE54-9A1E7A4F7556}") = "ServiceWeb", "ServiceWeb\ServiceWeb.csproj", "{F08E03C1-8FA9-438C-B4F5-7F4F2A11D47C}"
EndProject
Global
	GlobalSection(SolutionConfigurationPlatforms) = preSolution
		Debug|Any CPU = Debug|Any CPU
		Release|Any CPU = Release|Any CPU
	EndGlobalSection
	GlobalSection(ProjectConfigurationPlatforms) = postSolution
		{FB2A8B3E-8782-4A7D-A944-DFAFB064E794}.Debug|Any CPU.ActiveCfg = Debug|Any CPU
		{FB2A8B3E-8782-4A7D-A944-DFAFB064E794}.Debug|Any CPU.Build.0 = Debug|Any CPU
		{FB2A8B3E-8782-4A7D-A944-DFAFB064E794}.Release|Any CPU.ActiveCfg = Release|Any CPU
		{FB2A8B3E-8782-4A7D-A944-DFAFB064E794}.Release|Any CPU.Build.0 = Release|Any CPU
		{95EFD6AE-E230-4A90-9284-D8C7072AD636}.Debug|Any CPU.ActiveCfg = Debug|Any CPU
		{95EFD6AE-E230-4A90-9284-D8C7072AD636}.Debug|Any CPU.Build.0 = Debug|Any CPU
		{95EFD6AE-E230-4A90-9284-D8C7072AD636}.Release|Any CPU.ActiveCfg = Release|Any CPU
		{95EFD6AE-E230-4A90-9284-D8C7072AD636}.Release|Any CPU.Build.0 = Release|Any CPU
		{FF5B1613-EECF-4964-B94F-6F7FD787AED2}.Debug|Any CPU.ActiveCfg = Debug|Any CPU
		{FF5B1613-EECF-4964-B94F-6F7FD787AED2}.Debug|Any CPU.Build.0 = Debug|Any CPU
		{FF5B1613-EECF-4964-B94F-6F7FD787AED2}.Release|Any CPU.ActiveCfg = Release|Any CPU
		{FF5B1613-EECF-4964-B94F-6F7FD787AED2}.Release|Any CPU.Build.0 = Release|Any CPU
		{0CA2776D-0ABE-4279-B5FC-417D824A3A80}.Debug|Any CPU.ActiveCfg = Debug|Any CPU
		{0CA2776D-0ABE-4279-B5FC-417D824A3A80}.Debug|Any CPU.Build.0 = Debug|Any CPU
		{0CA2776D-0ABE-4279-B5FC-417D824A3A80}.Release|Any CPU.ActiveCfg = Release|Any CPU
		{0CA2776D-0ABE-4279-B5FC-417D824A3A80}.Release|Any CPU.Build.0 = Release|Any CPU
		{AEC44281-1574-4C0E-BBE5-3CE2D60F840F}.Debug|Any CPU.ActiveCfg = Debug|Any CPU
		{AEC44281-1574-4C0E-BBE5-3CE2D60F840F}.Debug|Any CPU.Build.0 = Debug|Any CPU
		{AEC44281-1574-4C0E-BBE5-3CE2D60F840F}.Release|Any CPU.ActiveCfg = Release|Any CPU
		{AEC44281-1574-4C0E-BBE5-3CE2D60F840F}.Release|Any CPU.Build.0 = Release|Any CPU
		{F08E03C1-8FA9-438C-B4F5-7F4F2A11D47C}.Debug|Any CPU.ActiveCfg = Debug|Any CPU
		{F08E03C1-8FA9-438C-B4F5-7F4F2A11D47C}.Debug|Any CPU.Build.0 = Debug|Any CPU
		{F08E03C1-8FA9-438C-B4F5-7F4F2A11D47C}.Release|Any CPU.ActiveCfg = Release|Any CPU
		{F08E03C1-8FA9-438C-B4F5-7F4F2A11D47C}.Release|Any CPU.Build.0 = Release|Any CPU
	EndGlobalSection
	GlobalSection(SolutionProperties) = preSolution
		HideSolutionNode = FALSE
	EndGlobalSection
	GlobalSection(NestedProjects) = preSolution
		{FB2A8B3E-8782-4A7D-A944-DFAFB064E794} = {D970D531-344D-45D1-97B4-FFF99D106C36}
		{FD55C9FD-3D74-4C57-8639-71F2B763735A} = {CF872DA3-102F-45C7-9171-9ED6E600F406}
		{95EFD6AE-E230-4A90-9284-D8C7072AD636} = {FD55C9FD-3D74-4C57-8639-71F2B763735A}
		{FF5B1613-EECF-4964-B94F-6F7FD787AED2} = {D970D531-344D-45D1-97B4-FFF99D106C36}
		{0CA2776D-0ABE-4279-B5FC-417D824A3A80} = {836E13BE-037D-419A-B409-148F7568A3E4}
		{CC28D7D7-B4CA-4ECB-9ED1-3C2E1D92231D} = {CF872DA3-102F-45C7-9171-9ED6E600F406}
		{AEC44281-1574-4C0E-BBE5-3CE2D60F840F} = {CC28D7D7-B4CA-4ECB-9ED1-3C2E1D92231D}
		{F08E03C1-8FA9-438C-B4F5-7F4F2A11D47C} = {1347EBB9-5F5A-4CFB-B621-29237A8EB1AA}
	EndGlobalSection
	GlobalSection(ExtensibilityGlobals) = postSolution
		SolutionGuid = {6EA6B429-A0D3-45C1-901B-C8AFF0BA1313}
	EndGlobalSection
EndGlobal
